
Microsoft Visual Studio Solution File, Format Version 12.00
# Visual Studio Version 17
VisualStudioVersion = 17.5.33414.496
MinimumVisualStudioVersion = 10.0.40219.1
Project("{FAE04EC0-301F-11D3-BF4B-00C04F79EFBC}") = "Laba_3", "Laba_3\Laba_3.csproj", "{BD618FC7-41AF-4EC3-98AA-985E4A321B59}"
EndProject
Global
	GlobalSection(SolutionConfigurationPlatforms) = preSolution
		Debug|Any CPU = Debug|Any CPU
		Release|Any CPU = Release|Any CPU
	EndGlobalSection
	GlobalSection(ProjectConfigurationPlatforms) = postSolution
		{BD618FC7-41AF-4EC3-98AA-985E4A321B59}.Debug|Any CPU.ActiveCfg = Debug|Any CPU
		{BD618FC7-41AF-4EC3-98AA-985E4A321B59}.Debug|Any CPU.Build.0 = Debug|Any CPU
		{BD618FC7-41AF-4EC3-98AA-985E4A321B59}.Release|Any CPU.ActiveCfg = Release|Any CPU
		{BD618FC7-41AF-4EC3-98AA-985E4A321B59}.Release|Any CPU.Build.0 = Release|Any CPU
	EndGlobalSection
	GlobalSection(SolutionProperties) = preSolution
		HideSolutionNode = FALSE
	EndGlobalSection
EndGlobal
